// !$*UTF8*$!
{
	archiveVersion = 1;
	classes = {
	};
	objectVersion = 55;
	objects = {

/* Begin PBXBuildFile section */
		C811C27628D4A9E60036D3C8 /* tableViewCell.swift in Sources */ = {isa = PBXBuildFile; fileRef = C811C27528D4A9E60036D3C8 /* tableViewCell.swift */; };
		C86151CE28C8771D0032FAF5 /* AppDelegate.swift in Sources */ = {isa = PBXBuildFile; fileRef = C86151CD28C8771D0032FAF5 /* AppDelegate.swift */; };
		C86151D028C8771D0032FAF5 /* SceneDelegate.swift in Sources */ = {isa = PBXBuildFile; fileRef = C86151CF28C8771D0032FAF5 /* SceneDelegate.swift */; };
		C86151D228C8771D0032FAF5 /* ViewController.swift in Sources */ = {isa = PBXBuildFile; fileRef = C86151D128C8771D0032FAF5 /* ViewController.swift */; };
		C86151D528C8771D0032FAF5 /* Main.storyboard in Resources */ = {isa = PBXBuildFile; fileRef = C86151D328C8771D0032FAF5 /* Main.storyboard */; };
		C86151D728C8771E0032FAF5 /* Assets.xcassets in Resources */ = {isa = PBXBuildFile; fileRef = C86151D628C8771E0032FAF5 /* Assets.xcassets */; };
		C86151DA28C8771E0032FAF5 /* LaunchScreen.storyboard in Resources */ = {isa = PBXBuildFile; fileRef = C86151D828C8771E0032FAF5 /* LaunchScreen.storyboard */; };
		C8F2A99228D48EF200B25250 /* tableView.swift in Sources */ = {isa = PBXBuildFile; fileRef = C8F2A99128D48EF200B25250 /* tableView.swift */; };
/* End PBXBuildFile section */

/* Begin PBXFileReference section */
		C811C27528D4A9E60036D3C8 /* tableViewCell.swift */ = {isa = PBXFileReference; lastKnownFileType = sourcecode.swift; path = tableViewCell.swift; sourceTree = "<group>"; };
		C86151CA28C8771D0032FAF5 /* CheckMi.app */ = {isa = PBXFileReference; explicitFileType = wrapper.application; includeInIndex = 0; path = CheckMi.app; sourceTree = BUILT_PRODUCTS_DIR; };
		C86151CD28C8771D0032FAF5 /* AppDelegate.swift */ = {isa = PBXFileReference; lastKnownFileType = sourcecode.swift; path = AppDelegate.swift; sourceTree = "<group>"; };
		C86151CF28C8771D0032FAF5 /* SceneDelegate.swift */ = {isa = PBXFileReference; lastKnownFileType = sourcecode.swift; path = SceneDelegate.swift; sourceTree = "<group>"; };
		C86151D128C8771D0032FAF5 /* ViewController.swift */ = {isa = PBXFileReference; lastKnownFileType = sourcecode.swift; path = ViewController.swift; sourceTree = "<group>"; };
		C86151D428C8771D0032FAF5 /* Base */ = {isa = PBXFileReference; lastKnownFileType = file.storyboard; name = Base; path = Base.lproj/Main.storyboard; sourceTree = "<group>"; };
		C86151D628C8771E0032FAF5 /* Assets.xcassets */ = {isa = PBXFileReference; lastKnownFileType = folder.assetcatalog; path = Assets.xcassets; sourceTree = "<group>"; };
		C86151D928C8771E0032FAF5 /* Base */ = {isa = PBXFileReference; lastKnownFileType = file.storyboard; name = Base; path = Base.lproj/LaunchScreen.storyboard; sourceTree = "<group>"; };
		C86151DB28C8771E0032FAF5 /* Info.plist */ = {isa = PBXFileReference; lastKnownFileType = text.plist.xml; path = Info.plist; sourceTree = "<group>"; };
		C8F2A99128D48EF200B25250 /* tableView.swift */ = {isa = PBXFileReference; lastKnownFileType = sourcecode.swift; path = tableView.swift; sourceTree = "<group>"; };
/* End PBXFileReference section */

/* Begin PBXFrameworksBuildPhase section */
		C86151C728C8771D0032FAF5 /* Frameworks */ = {
			isa = PBXFrameworksBuildPhase;
			buildActionMask = 2147483647;
			files = (
			);
			runOnlyForDeploymentPostprocessing = 0;
		};
/* End PBXFrameworksBuildPhase section */

/* Begin PBXGroup section */
		C86151C128C8771D0032FAF5 = {
			isa = PBXGroup;
			children = (
				C86151CC28C8771D0032FAF5 /* CheckMi */,
				C86151CB28C8771D0032FAF5 /* Products */,
			);
			sourceTree = "<group>";
		};
		C86151CB28C8771D0032FAF5 /* Products */ = {
			isa = PBXGroup;
			children = (
				C86151CA28C8771D0032FAF5 /* CheckMi.app */,
			);
			name = Products;
			sourceTree = "<group>";
		};
		C86151CC28C8771D0032FAF5 /* CheckMi */ = {
			isa = PBXGroup;
			children = (
				C8F2A99028D48E8600B25250 /* tableView */,
				C86151CD28C8771D0032FAF5 /* AppDelegate.swift */,
				C86151CF28C8771D0032FAF5 /* SceneDelegate.swift */,
				C86151D128C8771D0032FAF5 /* ViewController.swift */,
				C86151D328C8771D0032FAF5 /* Main.storyboard */,
				C86151D628C8771E0032FAF5 /* Assets.xcassets */,
				C86151D828C8771E0032FAF5 /* LaunchScreen.storyboard */,
				C86151DB28C8771E0032FAF5 /* Info.plist */,
			);
			path = CheckMi;
			sourceTree = "<group>";
		};
		C8F2A99028D48E8600B25250 /* tableView */ = {
			isa = PBXGroup;
			children = (
				C8F2A99128D48EF200B25250 /* tableView.swift */,
				C811C27528D4A9E60036D3C8 /* tableViewCell.swift */,
			);
			path = tableView;
			sourceTree = "<group>";
		};
/* End PBXGroup section */

/* Begin PBXNativeTarget section */
		C86151C928C8771D0032FAF5 /* CheckMi */ = {
			isa = PBXNativeTarget;
			buildConfigurationList = C86151DE28C8771E0032FAF5 /* Build configuration list for PBXNativeTarget "CheckMi" */;
			buildPhases = (
				C86151C628C8771D0032FAF5 /* Sources */,
				C86151C728C8771D0032FAF5 /* Frameworks */,
				C86151C828C8771D0032FAF5 /* Resources */,
			);
			buildRules = (
			);
			dependencies = (
			);
			name = CheckMi;
			productName = CheckMi;
			productReference = C86151CA28C8771D0032FAF5 /* CheckMi.app */;
			productType = "com.apple.product-type.application";
		};
/* End PBXNativeTarget section */

/* Begin PBXProject section */
		C86151C228C8771D0032FAF5 /* Project object */ = {
			isa = PBXProject;
			attributes = {
				BuildIndependentTargetsInParallel = 1;
				LastSwiftUpdateCheck = 1340;
				LastUpgradeCheck = 1340;
				TargetAttributes = {
					C86151C928C8771D0032FAF5 = {
						CreatedOnToolsVersion = 13.4.1;
					};
				};
			};
			buildConfigurationList = C86151C528C8771D0032FAF5 /* Build configuration list for PBXProject "CheckMi" */;
			compatibilityVersion = "Xcode 13.0";
			developmentRegion = en;
			hasScannedForEncodings = 0;
			knownRegions = (
				en,
				Base,
			);
			mainGroup = C86151C128C8771D0032FAF5;
			productRefGroup = C86151CB28C8771D0032FAF5 /* Products */;
			projectDirPath = "";
			projectRoot = "";
			targets = (
				C86151C928C8771D0032FAF5 /* CheckMi */,
			);
		};
/* End PBXProject section */

/* Begin PBXResourcesBuildPhase section */
		C86151C828C8771D0032FAF5 /* Resources */ = {
			isa = PBXResourcesBuildPhase;
			buildActionMask = 2147483647;
			files = (
				C86151DA28C8771E0032FAF5 /* LaunchScreen.storyboard in Resources */,
				C86151D728C8771E0032FAF5 /* Assets.xcassets in Resources */,
				C86151D528C8771D0032FAF5 /* Main.storyboard in Resources */,
			);
			runOnlyForDeploymentPostprocessing = 0;
		};
/* End PBXResourcesBuildPhase section */

/* Begin PBXSourcesBuildPhase section */
		C86151C628C8771D0032FAF5 /* Sources */ = {
			isa = PBXSourcesBuildPhase;
			buildActionMask = 2147483647;
			files = (
				C86151D228C8771D0032FAF5 /* ViewController.swift in Sources */,
				C811C27628D4A9E60036D3C8 /* tableViewCell.swift in Sources */,
				C8F2A99228D48EF200B25250 /* tableView.swift in Sources */,
				C86151CE28C8771D0032FAF5 /* AppDelegate.swift in Sources */,
				C86151D028C8771D0032FAF5 /* SceneDelegate.swift in Sources */,
			);
			runOnlyForDeploymentPostprocessing = 0;
		};
/* End PBXSourcesBuildPhase section */

/* Begin PBXVariantGroup section */
		C86151D328C8771D0032FAF5 /* Main.storyboard */ = {
			isa = PBXVariantGroup;
			children = (
				C86151D428C8771D0032FAF5 /* Base */,
			);
			name = Main.storyboard;
			sourceTree = "<group>";
		};
		C86151D828C8771E0032FAF5 /* LaunchScreen.storyboard */ = {
			isa = PBXVariantGroup;
			children = (
				C86151D928C8771E0032FAF5 /* Base */,
			);
			name = LaunchScreen.storyboard;
			sourceTree = "<group>";
		};
/* End PBXVariantGroup section */

/* Begin XCBuildConfiguration section */
		C86151DC28C8771E0032FAF5 /* Debug */ = {
			isa = XCBuildConfiguration;
			buildSettings = {
				ALWAYS_SEARCH_USER_PATHS = NO;
				CLANG_ANALYZER_NONNULL = YES;
				CLANG_ANALYZER_NUMBER_OBJECT_CONVERSION = YES_AGGRESSIVE;
				CLANG_CXX_LANGUAGE_STANDARD = "gnu++17";
				CLANG_ENABLE_MODULES = YES;
				CLANG_ENABLE_OBJC_ARC = YES;
				CLANG_ENABLE_OBJC_WEAK = YES;
				CLANG_WARN_BLOCK_CAPTURE_AUTORELEASING = YES;
				CLANG_WARN_BOOL_CONVERSION = YES;
				CLANG_WARN_COMMA = YES;
				CLANG_WARN_CONSTANT_CONVERSION = YES;
				CLANG_WARN_DEPRECATED_OBJC_IMPLEMENTATIONS = YES;
				CLANG_WARN_DIRECT_OBJC_ISA_USAGE = YES_ERROR;
				CLANG_WARN_DOCUMENTATION_COMMENTS = YES;
				CLANG_WARN_EMPTY_BODY = YES;
				CLANG_WARN_ENUM_CONVERSION = YES;
				CLANG_WARN_INFINITE_RECURSION = YES;
				CLANG_WARN_INT_CONVERSION = YES;
				CLANG_WARN_NON_LITERAL_NULL_CONVERSION = YES;
				CLANG_WARN_OBJC_IMPLICIT_RETAIN_SELF = YES;
				CLANG_WARN_OBJC_LITERAL_CONVERSION = YES;
				CLANG_WARN_OBJC_ROOT_CLASS = YES_ERROR;
				CLANG_WARN_QUOTED_INCLUDE_IN_FRAMEWORK_HEADER = YES;
				CLANG_WARN_RANGE_LOOP_ANALYSIS = YES;
				CLANG_WARN_STRICT_PROTOTYPES = YES;
				CLANG_WARN_SUSPICIOUS_MOVE = YES;
				CLANG_WARN_UNGUARDED_AVAILABILITY = YES_AGGRESSIVE;
				CLANG_WARN_UNREACHABLE_CODE = YES;
				CLANG_WARN__DUPLICATE_METHOD_MATCH = YES;
				COPY_PHASE_STRIP = NO;
				DEBUG_INFORMATION_FORMAT = dwarf;
				ENABLE_STRICT_OBJC_MSGSEND = YES;
				ENABLE_TESTABILITY = YES;
				GCC_C_LANGUAGE_STANDARD = gnu11;
				GCC_DYNAMIC_NO_PIC = NO;
				GCC_NO_COMMON_BLOCKS = YES;
				GCC_OPTIMIZATION_LEVEL = 0;
				GCC_PREPROCESSOR_DEFINITIONS = (
					"DEBUG=1",
					"$(inherited)",
				);
				GCC_WARN_64_TO_32_BIT_CONVERSION = YES;
				GCC_WARN_ABOUT_RETURN_TYPE = YES_ERROR;
				GCC_WARN_UNDECLARED_SELECTOR = YES;
				GCC_WARN_UNINITIALIZED_AUTOS = YES_AGGRESSIVE;
				GCC_WARN_UNUSED_FUNCTION = YES;
				GCC_WARN_UNUSED_VARIABLE = YES;
				IPHONEOS_DEPLOYMENT_TARGET = 15.5;
				MTL_ENABLE_DEBUG_INFO = INCLUDE_SOURCE;
				MTL_FAST_MATH = YES;
				ONLY_ACTIVE_ARCH = YES;
				SDKROOT = iphoneos;
				SWIFT_ACTIVE_COMPILATION_CONDITIONS = DEBUG;
				SWIFT_OPTIMIZATION_LEVEL = "-Onone";
			};
			name = Debug;
		};
		C86151DD28C8771E0032FAF5 /* Release */ = {
			isa = XCBuildConfiguration;
			buildSettings = {
				ALWAYS_SEARCH_USER_PATHS = NO;
				CLANG_ANALYZER_NONNULL = YES;
				CLANG_ANALYZER_NUMBER_OBJECT_CONVERSION = YES_AGGRESSIVE;
				CLANG_CXX_LANGUAGE_STANDARD = "gnu++17";
				CLANG_ENABLE_MODULES = YES;
				CLANG_ENABLE_OBJC_ARC = YES;
				CLANG_ENABLE_OBJC_WEAK = YES;
				CLANG_WARN_BLOCK_CAPTURE_AUTORELEASING = YES;
				CLANG_WARN_BOOL_CONVERSION = YES;
				CLANG_WARN_COMMA = YES;
				CLANG_WARN_CONSTANT_CONVERSION = YES;
				CLANG_WARN_DEPRECATED_OBJC_IMPLEMENTATIONS = YES;
				CLANG_WARN_DIRECT_OBJC_ISA_USAGE = YES_ERROR;
				CLANG_WARN_DOCUMENTATION_COMMENTS = YES;
				CLANG_WARN_EMPTY_BODY = YES;
				CLANG_WARN_ENUM_CONVERSION = YES;
				CLANG_WARN_INFINITE_RECURSION = YES;
				CLANG_WARN_INT_CONVERSION = YES;
				CLANG_WARN_NON_LITERAL_NULL_CONVERSION = YES;
				CLANG_WARN_OBJC_IMPLICIT_RETAIN_SELF = YES;
				CLANG_WARN_OBJC_LITERAL_CONVERSION = YES;
				CLANG_WARN_OBJC_ROOT_CLASS = YES_ERROR;
				CLANG_WARN_QUOTED_INCLUDE_IN_FRAMEWORK_HEADER = YES;
				CLANG_WARN_RANGE_LOOP_ANALYSIS = YES;
				CLANG_WARN_STRICT_PROTOTYPES = YES;
				CLANG_WARN_SUSPICIOUS_MOVE = YES;
				CLANG_WARN_UNGUARDED_AVAILABILITY = YES_AGGRESSIVE;
				CLANG_WARN_UNREACHABLE_CODE = YES;
				CLANG_WARN__DUPLICATE_METHOD_MATCH = YES;
				COPY_PHASE_STRIP = NO;
				DEBUG_INFORMATION_FORMAT = "dwarf-with-dsym";
				ENABLE_NS_ASSERTIONS = NO;
				ENABLE_STRICT_OBJC_MSGSEND = YES;
				GCC_C_LANGUAGE_STANDARD = gnu11;
				GCC_NO_COMMON_BLOCKS = YES;
				GCC_WARN_64_TO_32_BIT_CONVERSION = YES;
				GCC_WARN_ABOUT_RETURN_TYPE = YES_ERROR;
				GCC_WARN_UNDECLARED_SELECTOR = YES;
				GCC_WARN_UNINITIALIZED_AUTOS = YES_AGGRESSIVE;
				GCC_WARN_UNUSED_FUNCTION = YES;
				GCC_WARN_UNUSED_VARIABLE = YES;
				IPHONEOS_DEPLOYMENT_TARGET = 15.5;
				MTL_ENABLE_DEBUG_INFO = NO;
				MTL_FAST_MATH = YES;
				SDKROOT = iphoneos;
				SWIFT_COMPILATION_MODE = wholemodule;
				SWIFT_OPTIMIZATION_LEVEL = "-O";
				VALIDATE_PRODUCT = YES;
			};
			name = Release;
		};
		C86151DF28C8771E0032FAF5 /* Debug */ = {
			isa = XCBuildConfiguration;
			buildSettings = {
				ASSETCATALOG_COMPILER_APPICON_NAME = AppIcon;
				ASSETCATALOG_COMPILER_GLOBAL_ACCENT_COLOR_NAME = AccentColor;
				CODE_SIGN_STYLE = Automatic;
				CURRENT_PROJECT_VERSION = 1;
				DEVELOPMENT_TEAM = NZQ44L48C7;
				GENERATE_INFOPLIST_FILE = YES;
				INFOPLIST_FILE = CheckMi/Info.plist;
				INFOPLIST_KEY_UIApplicationSupportsIndirectInputEvents = YES;
				INFOPLIST_KEY_UILaunchStoryboardName = LaunchScreen;
				INFOPLIST_KEY_UIMainStoryboardFile = Main;
				INFOPLIST_KEY_UISupportedInterfaceOrientations_iPad = "UIInterfaceOrientationPortrait UIInterfaceOrientationPortraitUpsideDown UIInterfaceOrientationLandscapeLeft UIInterfaceOrientationLandscapeRight";
				INFOPLIST_KEY_UISupportedInterfaceOrientations_iPhone = "UIInterfaceOrientationPortrait UIInterfaceOrientationLandscapeLeft UIInterfaceOrientationLandscapeRight";
				LD_RUNPATH_SEARCH_PATHS = (
					"$(inherited)",
					"@executable_path/Frameworks",
				);
				MARKETING_VERSION = 1.0;
				PRODUCT_BUNDLE_IDENTIFIER = com.CheckMi;
				PRODUCT_NAME = "$(TARGET_NAME)";
				SWIFT_EMIT_LOC_STRINGS = YES;
				SWIFT_VERSION = 5.0;
				TARGETED_DEVICE_FAMILY = "1,2";
			};
			name = Debug;
		};
		C86151E028C8771E0032FAF5 /* Release */ = {
			isa = XCBuildConfiguration;
			buildSettings = {
				ASSETCATALOG_COMPILER_APPICON_NAME = AppIcon;
				ASSETCATALOG_COMPILER_GLOBAL_ACCENT_COLOR_NAME = AccentColor;
				CODE_SIGN_STYLE = Automatic;
				CURRENT_PROJECT_VERSION = 1;
				DEVELOPMENT_TEAM = NZQ44L48C7;
				GENERATE_INFOPLIST_FILE = YES;
				INFOPLIST_FILE = CheckMi/Info.plist;
				INFOPLIST_KEY_UIApplicationSupportsIndirectInputEvents = YES;
				INFOPLIST_KEY_UILaunchStoryboardName = LaunchScreen;
				INFOPLIST_KEY_UIMainStoryboardFile = Main;
				INFOPLIST_KEY_UISupportedInterfaceOrientations_iPad = "UIInterfaceOrientationPortrait UIInterfaceOrientationPortraitUpsideDown UIInterfaceOrientationLandscapeLeft UIInterfaceOrientationLandscapeRight";
				INFOPLIST_KEY_UISupportedInterfaceOrientations_iPhone = "UIInterfaceOrientationPortrait UIInterfaceOrientationLandscapeLeft UIInterfaceOrientationLandscapeRight";
				LD_RUNPATH_SEARCH_PATHS = (
					"$(inherited)",
					"@executable_path/Frameworks",
				);
				MARKETING_VERSION = 1.0;
				PRODUCT_BUNDLE_IDENTIFIER = com.CheckMi;
				PRODUCT_NAME = "$(TARGET_NAME)";
				SWIFT_EMIT_LOC_STRINGS = YES;
				SWIFT_VERSION = 5.0;
				TARGETED_DEVICE_FAMILY = "1,2";
			};
			name = Release;
		};
/* End XCBuildConfiguration section */

/* Begin XCConfigurationList section */
		C86151C528C8771D0032FAF5 /* Build configuration list for PBXProject "CheckMi" */ = {
			isa = XCConfigurationList;
			buildConfigurations = (
				C86151DC28C8771E0032FAF5 /* Debug */,
				C86151DD28C8771E0032FAF5 /* Release */,
			);
			defaultConfigurationIsVisible = 0;
			defaultConfigurationName = Release;
		};
		C86151DE28C8771E0032FAF5 /* Build configuration list for PBXNativeTarget "CheckMi" */ = {
			isa = XCConfigurationList;
			buildConfigurations = (
				C86151DF28C8771E0032FAF5 /* Debug */,
				C86151E028C8771E0032FAF5 /* Release */,
			);
			defaultConfigurationIsVisible = 0;
			defaultConfigurationName = Release;
		};
/* End XCConfigurationList section */
	};
	rootObject = C86151C228C8771D0032FAF5 /* Project object */;
}
